
Microsoft Visual Studio Solution File, Format Version 12.00
# Visual Studio Version 16
VisualStudioVersion = 16.0.30804.86
MinimumVisualStudioVersion = 10.0.40219.1
Project("{8BC9CEB8-8B4A-11D0-8D11-00A0C91BC942}") = "VimbaOfficial", "VimbaOfficial\VimbaOfficial.vcxproj", "{F72A6E4F-5153-4A53-8F88-5BD8663A5906}"
EndProject
Project("{8BC9CEB8-8B4A-11D0-8D11-00A0C91BC942}") = "VimbaCamJILA", "VimbaCam\VimbaCamJILA.vcxproj", "{2419CB0A-43B4-4BAB-81DF-FEBB57BBBCB2}"
EndProject
Global
	GlobalSection(SolutionConfigurationPlatforms) = preSolution
		Debug|x64 = Debug|x64
		Release|x64 = Release|x64
	EndGlobalSection
	GlobalSection(ProjectConfigurationPlatforms) = postSolution
		{F72A6E4F-5153-4A53-8F88-5BD8663A5906}.Debug|x64.ActiveCfg = Debug|x64
		{F72A6E4F-5153-4A53-8F88-5BD8663A5906}.Debug|x64.Build.0 = Debug|x64
		{F72A6E4F-5153-4A53-8F88-5BD8663A5906}.Release|x64.ActiveCfg = Release|x64
		{F72A6E4F-5153-4A53-8F88-5BD8663A5906}.Release|x64.Build.0 = Release|x64
		{2419CB0A-43B4-4BAB-81DF-FEBB57BBBCB2}.Debug|x64.ActiveCfg = Debug|x64
		{2419CB0A-43B4-4BAB-81DF-FEBB57BBBCB2}.Debug|x64.Build.0 = Debug|x64
		{2419CB0A-43B4-4BAB-81DF-FEBB57BBBCB2}.Release|x64.ActiveCfg = Release|x64
		{2419CB0A-43B4-4BAB-81DF-FEBB57BBBCB2}.Release|x64.Build.0 = Release|x64
	EndGlobalSection
	GlobalSection(SolutionProperties) = preSolution
		HideSolutionNode = FALSE
	EndGlobalSection
	GlobalSection(ExtensibilityGlobals) = postSolution
		SolutionGuid = {2EC730FA-E28E-41EF-BAAF-EE0ED5BCE690}
	EndGlobalSection
EndGlobal
