
Microsoft Visual Studio Solution File, Format Version 12.00
# Visual Studio Version 16
VisualStudioVersion = 16.0.30804.86
MinimumVisualStudioVersion = 10.0.40219.1
Project("{8BC9CEB8-8B4A-11D0-8D11-00A0C91BC942}") = "vimbaMOTCamera", "vimbaMOTCamera\vimbaMOTCamera.vcxproj", "{8F02AC2E-5F7E-4408-BF92-A4D0523CCED3}"
EndProject
Project("{8BC9CEB8-8B4A-11D0-8D11-00A0C91BC942}") = "MultiThread-Mandelbrot", "MultiThread-Mandelbrot\MultiThread-Mandelbrot.vcxproj", "{C9B273CC-85F8-44C5-B5E4-C097CBBAAFC7}"
EndProject
Project("{8BC9CEB8-8B4A-11D0-8D11-00A0C91BC942}") = "camera", "camera\camera.vcxproj", "{25D29373-3615-40B6-9D0C-668382C5EADB}"
EndProject
Global
	GlobalSection(SolutionConfigurationPlatforms) = preSolution
		Debug|x64 = Debug|x64
		Release|x64 = Release|x64
	EndGlobalSection
	GlobalSection(ProjectConfigurationPlatforms) = postSolution
		{8F02AC2E-5F7E-4408-BF92-A4D0523CCED3}.Debug|x64.ActiveCfg = Debug|x64
		{8F02AC2E-5F7E-4408-BF92-A4D0523CCED3}.Debug|x64.Build.0 = Debug|x64
		{8F02AC2E-5F7E-4408-BF92-A4D0523CCED3}.Release|x64.ActiveCfg = Release|x64
		{8F02AC2E-5F7E-4408-BF92-A4D0523CCED3}.Release|x64.Build.0 = Release|x64
		{C9B273CC-85F8-44C5-B5E4-C097CBBAAFC7}.Debug|x64.ActiveCfg = Debug|x64
		{C9B273CC-85F8-44C5-B5E4-C097CBBAAFC7}.Debug|x64.Build.0 = Debug|x64
		{C9B273CC-85F8-44C5-B5E4-C097CBBAAFC7}.Release|x64.ActiveCfg = Release|x64
		{C9B273CC-85F8-44C5-B5E4-C097CBBAAFC7}.Release|x64.Build.0 = Release|x64
		{25D29373-3615-40B6-9D0C-668382C5EADB}.Debug|x64.ActiveCfg = Debug|x64
		{25D29373-3615-40B6-9D0C-668382C5EADB}.Debug|x64.Build.0 = Debug|x64
		{25D29373-3615-40B6-9D0C-668382C5EADB}.Release|x64.ActiveCfg = Release|x64
		{25D29373-3615-40B6-9D0C-668382C5EADB}.Release|x64.Build.0 = Release|x64
	EndGlobalSection
	GlobalSection(SolutionProperties) = preSolution
		HideSolutionNode = FALSE
	EndGlobalSection
	GlobalSection(ExtensibilityGlobals) = postSolution
		SolutionGuid = {2EC730FA-E28E-41EF-BAAF-EE0ED5BCE690}
	EndGlobalSection
EndGlobal
