<?xml version="1.0" encoding="utf-8"?>
<Project ToolsVersion="4.0" xmlns="http://schemas.microsoft.com/developer/msbuild/2003">
  <ItemGroup>
    <Filter Include="Source Files">
      <UniqueIdentifier>{4FC737F1-C7A5-4376-A066-2A32D752A2FF}</UniqueIdentifier>
      <Extensions>cpp;c;cc;cxx;def;odl;idl;hpj;bat;asm;asmx</Extensions>
    </Filter>
    <Filter Include="Header Files">
      <UniqueIdentifier>{93995380-89BD-4b04-88EB-625FBE52EBFB}</UniqueIdentifier>
      <Extensions>h;hh;hpp;hxx;hm;inl;inc;xsd</Extensions>
    </Filter>
    <Filter Include="Resource Files">
      <UniqueIdentifier>{67DA6AB6-F800-4c08-8B7A-83BB121AAD01}</UniqueIdentifier>
      <Extensions>rc;ico;cur;bmp;dlg;rc2;rct;bin;rgs;gif;jpg;jpeg;jpe;resx;tiff;tif;png;wav;mfcribbon-ms</Extensions>
    </Filter>
    <Filter Include="Form Files">
      <UniqueIdentifier>{99349809-55BA-4b9d-BF79-8FDBB0286EB3}</UniqueIdentifier>
      <Extensions>ui</Extensions>
    </Filter>
    <Filter Include="Resource Files">
      <UniqueIdentifier>{D9D6E242-F8AF-46E4-B9FD-80ECBC20BA3E}</UniqueIdentifier>
      <Extensions>qrc;*</Extensions>
      <ParseFiles>false</ParseFiles>
    </Filter>
  </ItemGroup>
  <ItemGroup>
    <ClInclude Include="ExternLib\qwt\qwt.h">
      <Filter>Header Files</Filter>
    </ClInclude>
    <ClInclude Include="ExternLib\qwt\qwt_abstract_scale_draw.h">
      <Filter>Header Files</Filter>
    </ClInclude>
    <ClInclude Include="ExternLib\qwt\qwt_arrow_button.h">
      <Filter>Header Files</Filter>
    </ClInclude>
    <ClInclude Include="ExternLib\qwt\qwt_clipper.h">
      <Filter>Header Files</Filter>
    </ClInclude>
    <ClInclude Include="ExternLib\qwt\qwt_color_map.h">
      <Filter>Header Files</Filter>
    </ClInclude>
    <ClInclude Include="ExternLib\qwt\qwt_column_symbol.h">
      <Filter>Header Files</Filter>
    </ClInclude>
    <ClInclude Include="ExternLib\qwt\qwt_compass_rose.h">
      <Filter>Header Files</Filter>
    </ClInclude>
    <ClInclude Include="ExternLib\qwt\qwt_compat.h">
      <Filter>Header Files</Filter>
    </ClInclude>
    <ClInclude Include="ExternLib\qwt\qwt_curve_fitter.h">
      <Filter>Header Files</Filter>
    </ClInclude>
    <ClInclude Include="ExternLib\qwt\qwt_date.h">
      <Filter>Header Files</Filter>
    </ClInclude>
    <ClInclude Include="ExternLib\qwt\qwt_date_scale_draw.h">
      <Filter>Header Files</Filter>
    </ClInclude>
    <ClInclude Include="ExternLib\qwt\qwt_date_scale_engine.h">
      <Filter>Header Files</Filter>
    </ClInclude>
    <ClInclude Include="ExternLib\qwt\qwt_dial_needle.h">
      <Filter>Header Files</Filter>
    </ClInclude>
    <ClInclude Include="ExternLib\qwt\qwt_event_pattern.h">
      <Filter>Header Files</Filter>
    </ClInclude>
    <ClInclude Include="ExternLib\qwt\qwt_global.h">
      <Filter>Header Files</Filter>
    </ClInclude>
    <ClInclude Include="ExternLib\qwt\qwt_graphic.h">
      <Filter>Header Files</Filter>
    </ClInclude>
    <ClInclude Include="ExternLib\qwt\qwt_interval.h">
      <Filter>Header Files</Filter>
    </ClInclude>
    <ClInclude Include="ExternLib\qwt\qwt_interval_symbol.h">
      <Filter>Header Files</Filter>
    </ClInclude>
    <ClInclude Include="ExternLib\qwt\qwt_legend_data.h">
      <Filter>Header Files</Filter>
    </ClInclude>
    <ClInclude Include="ExternLib\qwt\qwt_math.h">
      <Filter>Header Files</Filter>
    </ClInclude>
    <ClInclude Include="ExternLib\qwt\qwt_matrix_raster_data.h">
      <Filter>Header Files</Filter>
    </ClInclude>
    <ClInclude Include="ExternLib\qwt\qwt_null_paintdevice.h">
      <Filter>Header Files</Filter>
    </ClInclude>
    <ClInclude Include="ExternLib\qwt\qwt_painter.h">
      <Filter>Header Files</Filter>
    </ClInclude>
    <ClInclude Include="ExternLib\qwt\qwt_painter_command.h">
      <Filter>Header Files</Filter>
    </ClInclude>
    <ClInclude Include="ExternLib\qwt\qwt_picker_machine.h">
      <Filter>Header Files</Filter>
    </ClInclude>
    <ClInclude Include="ExternLib\qwt\qwt_pixel_matrix.h">
      <Filter>Header Files</Filter>
    </ClInclude>
    <ClInclude Include="ExternLib\qwt\qwt_plot_abstract_barchart.h">
      <Filter>Header Files</Filter>
    </ClInclude>
    <ClInclude Include="ExternLib\qwt\qwt_plot_barchart.h">
      <Filter>Header Files</Filter>
    </ClInclude>
    <ClInclude Include="ExternLib\qwt\qwt_plot_curve.h">
      <Filter>Header Files</Filter>
    </ClInclude>
    <ClInclude Include="ExternLib\qwt\qwt_plot_dict.h">
      <Filter>Header Files</Filter>
    </ClInclude>
    <ClInclude Include="ExternLib\qwt\qwt_plot_directpainter.h">
      <Filter>Header Files</Filter>
    </ClInclude>
    <ClInclude Include="ExternLib\qwt\qwt_plot_grid.h">
      <Filter>Header Files</Filter>
    </ClInclude>
    <ClInclude Include="ExternLib\qwt\qwt_plot_histogram.h">
      <Filter>Header Files</Filter>
    </ClInclude>
    <ClInclude Include="ExternLib\qwt\qwt_plot_intervalcurve.h">
      <Filter>Header Files</Filter>
    </ClInclude>
    <ClInclude Include="ExternLib\qwt\qwt_plot_item.h">
      <Filter>Header Files</Filter>
    </ClInclude>
    <ClInclude Include="ExternLib\qwt\qwt_plot_layout.h">
      <Filter>Header Files</Filter>
    </ClInclude>
    <ClInclude Include="ExternLib\qwt\qwt_plot_legenditem.h">
      <Filter>Header Files</Filter>
    </ClInclude>
    <ClInclude Include="ExternLib\qwt\qwt_plot_marker.h">
      <Filter>Header Files</Filter>
    </ClInclude>
    <ClInclude Include="ExternLib\qwt\qwt_plot_multi_barchart.h">
      <Filter>Header Files</Filter>
    </ClInclude>
    <ClInclude Include="ExternLib\qwt\qwt_plot_rasteritem.h">
      <Filter>Header Files</Filter>
    </ClInclude>
    <ClInclude Include="ExternLib\qwt\qwt_plot_rescaler.h">
      <Filter>Header Files</Filter>
    </ClInclude>
    <ClInclude Include="ExternLib\qwt\qwt_plot_scaleitem.h">
      <Filter>Header Files</Filter>
    </ClInclude>
    <ClInclude Include="ExternLib\qwt\qwt_plot_seriesitem.h">
      <Filter>Header Files</Filter>
    </ClInclude>
    <ClInclude Include="ExternLib\qwt\qwt_plot_shapeitem.h">
      <Filter>Header Files</Filter>
    </ClInclude>
    <ClInclude Include="ExternLib\qwt\qwt_plot_spectrocurve.h">
      <Filter>Header Files</Filter>
    </ClInclude>
    <ClInclude Include="ExternLib\qwt\qwt_plot_spectrogram.h">
      <Filter>Header Files</Filter>
    </ClInclude>
    <ClInclude Include="ExternLib\qwt\qwt_plot_svgitem.h">
      <Filter>Header Files</Filter>
    </ClInclude>
    <ClInclude Include="ExternLib\qwt\qwt_plot_textlabel.h">
      <Filter>Header Files</Filter>
    </ClInclude>
    <ClInclude Include="ExternLib\qwt\qwt_plot_tradingcurve.h">
      <Filter>Header Files</Filter>
    </ClInclude>
    <ClInclude Include="ExternLib\qwt\qwt_plot_zoneitem.h">
      <Filter>Header Files</Filter>
    </ClInclude>
    <ClInclude Include="ExternLib\qwt\qwt_point_3d.h">
      <Filter>Header Files</Filter>
    </ClInclude>
    <ClInclude Include="ExternLib\qwt\qwt_point_data.h">
      <Filter>Header Files</Filter>
    </ClInclude>
    <ClInclude Include="ExternLib\qwt\qwt_point_mapper.h">
      <Filter>Header Files</Filter>
    </ClInclude>
    <ClInclude Include="ExternLib\qwt\qwt_point_polar.h">
      <Filter>Header Files</Filter>
    </ClInclude>
    <ClInclude Include="ExternLib\qwt\qwt_raster_data.h">
      <Filter>Header Files</Filter>
    </ClInclude>
    <ClInclude Include="ExternLib\qwt\qwt_round_scale_draw.h">
      <Filter>Header Files</Filter>
    </ClInclude>
    <ClInclude Include="ExternLib\qwt\qwt_samples.h">
      <Filter>Header Files</Filter>
    </ClInclude>
    <ClInclude Include="ExternLib\qwt\qwt_scale_div.h">
      <Filter>Header Files</Filter>
    </ClInclude>
    <ClInclude Include="ExternLib\qwt\qwt_scale_draw.h">
      <Filter>Header Files</Filter>
    </ClInclude>
    <ClInclude Include="ExternLib\qwt\qwt_scale_engine.h">
      <Filter>Header Files</Filter>
    </ClInclude>
    <ClInclude Include="ExternLib\qwt\qwt_scale_map.h">
      <Filter>Header Files</Filter>
    </ClInclude>
    <ClInclude Include="ExternLib\qwt\qwt_series_data.h">
      <Filter>Header Files</Filter>
    </ClInclude>
    <ClInclude Include="ExternLib\qwt\qwt_series_store.h">
      <Filter>Header Files</Filter>
    </ClInclude>
    <ClInclude Include="ExternLib\qwt\qwt_spline.h">
      <Filter>Header Files</Filter>
    </ClInclude>
    <ClInclude Include="ExternLib\qwt\qwt_symbol.h">
      <Filter>Header Files</Filter>
    </ClInclude>
    <ClInclude Include="ExternLib\qwt\qwt_system_clock.h">
      <Filter>Header Files</Filter>
    </ClInclude>
    <ClInclude Include="ExternLib\qwt\qwt_text.h">
      <Filter>Header Files</Filter>
    </ClInclude>
    <ClInclude Include="ExternLib\qwt\qwt_text_engine.h">
      <Filter>Header Files</Filter>
    </ClInclude>
    <ClInclude Include="ExternLib\qwt\qwt_transform.h">
      <Filter>Header Files</Filter>
    </ClInclude>
    <ClInclude Include="ExternLib\qwt\qwt_widget_overlay.h">
      <Filter>Header Files</Filter>
    </ClInclude>
    <ClInclude Include="Helper.h">
      <Filter>Header Files</Filter>
    </ClInclude>
    <ClInclude Include="ILogTarget.h">
      <Filter>Header Files</Filter>
    </ClInclude>
    <ClInclude Include="memcpy_threaded.h">
      <Filter>Header Files</Filter>
    </ClInclude>
    <ClInclude Include="Version.h">
      <Filter>Header Files</Filter>
    </ClInclude>
    <ClInclude Include="VmbImageTransformHelper.hpp">
      <Filter>Header Files</Filter>
    </ClInclude>
    <ClInclude Include="UI\Histogram\Histogram.h">
      <Filter>Header Files</Filter>
    </ClInclude>
    <ClInclude Include="UI\SortFilterProxyModel.h">
      <Filter>Header Files</Filter>
    </ClInclude>
    <ClInclude Include="UI\HexEditor\Commands.h">
      <Filter>Header Files</Filter>
    </ClInclude>
    <ClInclude Include="UI\HexEditor\XByteArray.h">
      <Filter>Header Files</Filter>
    </ClInclude>
  </ItemGroup>
  <ItemGroup>
    <ClCompile Include="ExternLib\qwt\qwt_abstract_legend.cpp">
      <Filter>Source Files</Filter>
    </ClCompile>
    <ClCompile Include="ExternLib\qwt\qwt_abstract_scale.cpp">
      <Filter>Source Files</Filter>
    </ClCompile>
    <ClCompile Include="ExternLib\qwt\qwt_abstract_scale_draw.cpp">
      <Filter>Source Files</Filter>
    </ClCompile>
    <ClCompile Include="ExternLib\qwt\qwt_abstract_slider.cpp">
      <Filter>Source Files</Filter>
    </ClCompile>
    <ClCompile Include="ExternLib\qwt\qwt_analog_clock.cpp">
      <Filter>Source Files</Filter>
    </ClCompile>
    <ClCompile Include="ExternLib\qwt\qwt_arrow_button.cpp">
      <Filter>Source Files</Filter>
    </ClCompile>
    <ClCompile Include="ExternLib\qwt\qwt_clipper.cpp">
      <Filter>Source Files</Filter>
    </ClCompile>
    <ClCompile Include="ExternLib\qwt\qwt_color_map.cpp">
      <Filter>Source Files</Filter>
    </ClCompile>
    <ClCompile Include="ExternLib\qwt\qwt_column_symbol.cpp">
      <Filter>Source Files</Filter>
    </ClCompile>
    <ClCompile Include="ExternLib\qwt\qwt_compass.cpp">
      <Filter>Source Files</Filter>
    </ClCompile>
    <ClCompile Include="ExternLib\qwt\qwt_compass_rose.cpp">
      <Filter>Source Files</Filter>
    </ClCompile>
    <ClCompile Include="ExternLib\qwt\qwt_counter.cpp">
      <Filter>Source Files</Filter>
    </ClCompile>
    <ClCompile Include="ExternLib\qwt\qwt_curve_fitter.cpp">
      <Filter>Source Files</Filter>
    </ClCompile>
    <ClCompile Include="ExternLib\qwt\qwt_date.cpp">
      <Filter>Source Files</Filter>
    </ClCompile>
    <ClCompile Include="ExternLib\qwt\qwt_date_scale_draw.cpp">
      <Filter>Source Files</Filter>
    </ClCompile>
    <ClCompile Include="ExternLib\qwt\qwt_date_scale_engine.cpp">
      <Filter>Source Files</Filter>
    </ClCompile>
    <ClCompile Include="ExternLib\qwt\qwt_dial.cpp">
      <Filter>Source Files</Filter>
    </ClCompile>
    <ClCompile Include="ExternLib\qwt\qwt_dial_needle.cpp">
      <Filter>Source Files</Filter>
    </ClCompile>
    <ClCompile Include="ExternLib\qwt\qwt_dyngrid_layout.cpp">
      <Filter>Source Files</Filter>
    </ClCompile>
    <ClCompile Include="ExternLib\qwt\qwt_event_pattern.cpp">
      <Filter>Source Files</Filter>
    </ClCompile>
    <ClCompile Include="ExternLib\qwt\qwt_graphic.cpp">
      <Filter>Source Files</Filter>
    </ClCompile>
    <ClCompile Include="ExternLib\qwt\qwt_interval.cpp">
      <Filter>Source Files</Filter>
    </ClCompile>
    <ClCompile Include="ExternLib\qwt\qwt_interval_symbol.cpp">
      <Filter>Source Files</Filter>
    </ClCompile>
    <ClCompile Include="ExternLib\qwt\qwt_knob.cpp">
      <Filter>Source Files</Filter>
    </ClCompile>
    <ClCompile Include="ExternLib\qwt\qwt_legend.cpp">
      <Filter>Source Files</Filter>
    </ClCompile>
    <ClCompile Include="ExternLib\qwt\qwt_legend_data.cpp">
      <Filter>Source Files</Filter>
    </ClCompile>
    <ClCompile Include="ExternLib\qwt\qwt_legend_label.cpp">
      <Filter>Source Files</Filter>
    </ClCompile>
    <ClCompile Include="ExternLib\qwt\qwt_magnifier.cpp">
      <Filter>Source Files</Filter>
    </ClCompile>
    <ClCompile Include="ExternLib\qwt\qwt_math.cpp">
      <Filter>Source Files</Filter>
    </ClCompile>
    <ClCompile Include="ExternLib\qwt\qwt_matrix_raster_data.cpp">
      <Filter>Source Files</Filter>
    </ClCompile>
    <ClCompile Include="ExternLib\qwt\qwt_null_paintdevice.cpp">
      <Filter>Source Files</Filter>
    </ClCompile>
    <ClCompile Include="ExternLib\qwt\qwt_painter.cpp">
      <Filter>Source Files</Filter>
    </ClCompile>
    <ClCompile Include="ExternLib\qwt\qwt_painter_command.cpp">
      <Filter>Source Files</Filter>
    </ClCompile>
    <ClCompile Include="ExternLib\qwt\qwt_panner.cpp">
      <Filter>Source Files</Filter>
    </ClCompile>
    <ClCompile Include="ExternLib\qwt\qwt_picker.cpp">
      <Filter>Source Files</Filter>
    </ClCompile>
    <ClCompile Include="ExternLib\qwt\qwt_picker_machine.cpp">
      <Filter>Source Files</Filter>
    </ClCompile>
    <ClCompile Include="ExternLib\qwt\qwt_pixel_matrix.cpp">
      <Filter>Source Files</Filter>
    </ClCompile>
    <ClCompile Include="ExternLib\qwt\qwt_plot.cpp">
      <Filter>Source Files</Filter>
    </ClCompile>
    <ClCompile Include="ExternLib\qwt\qwt_plot_abstract_barchart.cpp">
      <Filter>Source Files</Filter>
    </ClCompile>
    <ClCompile Include="ExternLib\qwt\qwt_plot_axis.cpp">
      <Filter>Source Files</Filter>
    </ClCompile>
    <ClCompile Include="ExternLib\qwt\qwt_plot_barchart.cpp">
      <Filter>Source Files</Filter>
    </ClCompile>
    <ClCompile Include="ExternLib\qwt\qwt_plot_canvas.cpp">
      <Filter>Source Files</Filter>
    </ClCompile>
    <ClCompile Include="ExternLib\qwt\qwt_plot_curve.cpp">
      <Filter>Source Files</Filter>
    </ClCompile>
    <ClCompile Include="ExternLib\qwt\qwt_plot_dict.cpp">
      <Filter>Source Files</Filter>
    </ClCompile>
    <ClCompile Include="ExternLib\qwt\qwt_plot_directpainter.cpp">
      <Filter>Source Files</Filter>
    </ClCompile>
    <ClCompile Include="ExternLib\qwt\qwt_plot_glcanvas.cpp">
      <Filter>Source Files</Filter>
    </ClCompile>
    <ClCompile Include="ExternLib\qwt\qwt_plot_grid.cpp">
      <Filter>Source Files</Filter>
    </ClCompile>
    <ClCompile Include="ExternLib\qwt\qwt_plot_histogram.cpp">
      <Filter>Source Files</Filter>
    </ClCompile>
    <ClCompile Include="ExternLib\qwt\qwt_plot_intervalcurve.cpp">
      <Filter>Source Files</Filter>
    </ClCompile>
    <ClCompile Include="ExternLib\qwt\qwt_plot_item.cpp">
      <Filter>Source Files</Filter>
    </ClCompile>
    <ClCompile Include="ExternLib\qwt\qwt_plot_layout.cpp">
      <Filter>Source Files</Filter>
    </ClCompile>
    <ClCompile Include="ExternLib\qwt\qwt_plot_legenditem.cpp">
      <Filter>Source Files</Filter>
    </ClCompile>
    <ClCompile Include="ExternLib\qwt\qwt_plot_magnifier.cpp">
      <Filter>Source Files</Filter>
    </ClCompile>
    <ClCompile Include="ExternLib\qwt\qwt_plot_marker.cpp">
      <Filter>Source Files</Filter>
    </ClCompile>
    <ClCompile Include="ExternLib\qwt\qwt_plot_multi_barchart.cpp">
      <Filter>Source Files</Filter>
    </ClCompile>
    <ClCompile Include="ExternLib\qwt\qwt_plot_panner.cpp">
      <Filter>Source Files</Filter>
    </ClCompile>
    <ClCompile Include="ExternLib\qwt\qwt_plot_picker.cpp">
      <Filter>Source Files</Filter>
    </ClCompile>
    <ClCompile Include="ExternLib\qwt\qwt_plot_rasteritem.cpp">
      <Filter>Source Files</Filter>
    </ClCompile>
    <ClCompile Include="ExternLib\qwt\qwt_plot_renderer.cpp">
      <Filter>Source Files</Filter>
    </ClCompile>
    <ClCompile Include="ExternLib\qwt\qwt_plot_rescaler.cpp">
      <Filter>Source Files</Filter>
    </ClCompile>
    <ClCompile Include="ExternLib\qwt\qwt_plot_scaleitem.cpp">
      <Filter>Source Files</Filter>
    </ClCompile>
    <ClCompile Include="ExternLib\qwt\qwt_plot_seriesitem.cpp">
      <Filter>Source Files</Filter>
    </ClCompile>
    <ClCompile Include="ExternLib\qwt\qwt_plot_shapeitem.cpp">
      <Filter>Source Files</Filter>
    </ClCompile>
    <ClCompile Include="ExternLib\qwt\qwt_plot_spectrocurve.cpp">
      <Filter>Source Files</Filter>
    </ClCompile>
    <ClCompile Include="ExternLib\qwt\qwt_plot_spectrogram.cpp">
      <Filter>Source Files</Filter>
    </ClCompile>
    <ClCompile Include="ExternLib\qwt\qwt_plot_svgitem.cpp">
      <Filter>Source Files</Filter>
    </ClCompile>
    <ClCompile Include="ExternLib\qwt\qwt_plot_textlabel.cpp">
      <Filter>Source Files</Filter>
    </ClCompile>
    <ClCompile Include="ExternLib\qwt\qwt_plot_tradingcurve.cpp">
      <Filter>Source Files</Filter>
    </ClCompile>
    <ClCompile Include="ExternLib\qwt\qwt_plot_xml.cpp">
      <Filter>Source Files</Filter>
    </ClCompile>
    <ClCompile Include="ExternLib\qwt\qwt_plot_zoneitem.cpp">
      <Filter>Source Files</Filter>
    </ClCompile>
    <ClCompile Include="ExternLib\qwt\qwt_plot_zoomer.cpp">
      <Filter>Source Files</Filter>
    </ClCompile>
    <ClCompile Include="ExternLib\qwt\qwt_point_3d.cpp">
      <Filter>Source Files</Filter>
    </ClCompile>
    <ClCompile Include="ExternLib\qwt\qwt_point_data.cpp">
      <Filter>Source Files</Filter>
    </ClCompile>
    <ClCompile Include="ExternLib\qwt\qwt_point_mapper.cpp">
      <Filter>Source Files</Filter>
    </ClCompile>
    <ClCompile Include="ExternLib\qwt\qwt_point_polar.cpp">
      <Filter>Source Files</Filter>
    </ClCompile>
    <ClCompile Include="ExternLib\qwt\qwt_raster_data.cpp">
      <Filter>Source Files</Filter>
    </ClCompile>
    <ClCompile Include="ExternLib\qwt\qwt_round_scale_draw.cpp">
      <Filter>Source Files</Filter>
    </ClCompile>
    <ClCompile Include="ExternLib\qwt\qwt_sampling_thread.cpp">
      <Filter>Source Files</Filter>
    </ClCompile>
    <ClCompile Include="ExternLib\qwt\qwt_scale_div.cpp">
      <Filter>Source Files</Filter>
    </ClCompile>
    <ClCompile Include="ExternLib\qwt\qwt_scale_draw.cpp">
      <Filter>Source Files</Filter>
    </ClCompile>
    <ClCompile Include="ExternLib\qwt\qwt_scale_engine.cpp">
      <Filter>Source Files</Filter>
    </ClCompile>
    <ClCompile Include="ExternLib\qwt\qwt_scale_map.cpp">
      <Filter>Source Files</Filter>
    </ClCompile>
    <ClCompile Include="ExternLib\qwt\qwt_scale_widget.cpp">
      <Filter>Source Files</Filter>
    </ClCompile>
    <ClCompile Include="ExternLib\qwt\qwt_series_data.cpp">
      <Filter>Source Files</Filter>
    </ClCompile>
    <ClCompile Include="ExternLib\qwt\qwt_slider.cpp">
      <Filter>Source Files</Filter>
    </ClCompile>
    <ClCompile Include="ExternLib\qwt\qwt_spline.cpp">
      <Filter>Source Files</Filter>
    </ClCompile>
    <ClCompile Include="ExternLib\qwt\qwt_symbol.cpp">
      <Filter>Source Files</Filter>
    </ClCompile>
    <ClCompile Include="ExternLib\qwt\qwt_system_clock.cpp">
      <Filter>Source Files</Filter>
    </ClCompile>
    <ClCompile Include="ExternLib\qwt\qwt_text.cpp">
      <Filter>Source Files</Filter>
    </ClCompile>
    <ClCompile Include="ExternLib\qwt\qwt_text_engine.cpp">
      <Filter>Source Files</Filter>
    </ClCompile>
    <ClCompile Include="ExternLib\qwt\qwt_text_label.cpp">
      <Filter>Source Files</Filter>
    </ClCompile>
    <ClCompile Include="ExternLib\qwt\qwt_thermo.cpp">
      <Filter>Source Files</Filter>
    </ClCompile>
    <ClCompile Include="ExternLib\qwt\qwt_transform.cpp">
      <Filter>Source Files</Filter>
    </ClCompile>
    <ClCompile Include="ExternLib\qwt\qwt_wheel.cpp">
      <Filter>Source Files</Filter>
    </ClCompile>
    <ClCompile Include="ExternLib\qwt\qwt_widget_overlay.cpp">
      <Filter>Source Files</Filter>
    </ClCompile>
    <ClCompile Include="cameraMainWindow.cpp">
      <Filter>Source Files</Filter>
    </ClCompile>
    <ClCompile Include="CameraObserver.cpp">
      <Filter>Source Files</Filter>
    </ClCompile>
    <ClCompile Include="FeatureObserver.cpp">
      <Filter>Source Files</Filter>
    </ClCompile>
    <ClCompile Include="Helper.cpp">
      <Filter>Source Files</Filter>
    </ClCompile>
    <ClCompile Include="Main.cpp">
      <Filter>Source Files</Filter>
    </ClCompile>
    <ClCompile Include="UI\Histogram\Histogram.cpp">
      <Filter>Source Files</Filter>
    </ClCompile>
    <ClCompile Include="UI\Histogram\HistogramThread.cpp">
      <Filter>Source Files</Filter>
    </ClCompile>
    <ClCompile Include="UI\Histogram\HistogramWindow.cpp">
      <Filter>Source Files</Filter>
    </ClCompile>
    <ClCompile Include="UI\CameraTreeWindow.cpp">
      <Filter>Source Files</Filter>
    </ClCompile>
    <ClCompile Include="UI\LoggerWindow.cpp">
      <Filter>Source Files</Filter>
    </ClCompile>
    <ClCompile Include="ViewerWidget.cpp">
      <Filter>Source Files</Filter>
    </ClCompile>
    <ClCompile Include="UI\ControllerTreeWindow.cpp">
      <Filter>Source Files</Filter>
    </ClCompile>
    <ClCompile Include="UI\ExComboBox.cpp">
      <Filter>Source Files</Filter>
    </ClCompile>
    <ClCompile Include="UI\MultiCompleter.cpp">
      <Filter>Source Files</Filter>
    </ClCompile>
    <ClCompile Include="UI\SortFilterProxyModel.cpp">
      <Filter>Source Files</Filter>
    </ClCompile>
    <ClCompile Include="UI\IntSpinBox.cpp">
      <Filter>Source Files</Filter>
    </ClCompile>
    <ClCompile Include="UI\HexEditor\Commands.cpp">
      <Filter>Source Files</Filter>
    </ClCompile>
    <ClCompile Include="UI\HexEditor\HexMainWindow.cpp">
      <Filter>Source Files</Filter>
    </ClCompile>
    <ClCompile Include="UI\HexEditor\HexOptionDialog.cpp">
      <Filter>Source Files</Filter>
    </ClCompile>
    <ClCompile Include="UI\HexEditor\QHexEdit.cpp">
      <Filter>Source Files</Filter>
    </ClCompile>
    <ClCompile Include="UI\HexEditor\QHexEdit_p.cpp">
      <Filter>Source Files</Filter>
    </ClCompile>
    <ClCompile Include="UI\HexEditor\XByteArray.cpp">
      <Filter>Source Files</Filter>
    </ClCompile>
    <ClCompile Include="UI\MdiChild.cpp">
      <Filter>Source Files</Filter>
    </ClCompile>
    <ClCompile Include="UI\LineEditCompleter.cpp">
      <Filter>Source Files</Filter>
    </ClCompile>
    <ClCompile Include="ExternLib\qcustomplot\qcustomplot.cpp">
      <Filter>Source Files</Filter>
    </ClCompile>
    <ClCompile Include="UI\ImageCalculatingThread.cpp">
      <Filter>Source Files</Filter>
    </ClCompile>
    <ClCompile Include="ImageProcessingThread.cpp">
      <Filter>Source Files</Filter>
    </ClCompile>
    <ClCompile Include="FrameObserver.cpp">
      <Filter>Source Files</Filter>
    </ClCompile>
    <ClCompile Include="UI\MainInformationWindow.cpp">
      <Filter>Source Files</Filter>
    </ClCompile>
  </ItemGroup>
  <ItemGroup>
    <QtMoc Include="ExternLib\qwt\qwt_abstract_legend.h">
      <Filter>Header Files</Filter>
    </QtMoc>
    <QtMoc Include="ExternLib\qwt\qwt_abstract_scale.h">
      <Filter>Header Files</Filter>
    </QtMoc>
    <QtMoc Include="ExternLib\qwt\qwt_abstract_slider.h">
      <Filter>Header Files</Filter>
    </QtMoc>
    <QtMoc Include="ExternLib\qwt\qwt_analog_clock.h">
      <Filter>Header Files</Filter>
    </QtMoc>
    <QtMoc Include="ExternLib\qwt\qwt_compass.h">
      <Filter>Header Files</Filter>
    </QtMoc>
    <QtMoc Include="ExternLib\qwt\qwt_counter.h">
      <Filter>Header Files</Filter>
    </QtMoc>
    <QtMoc Include="ExternLib\qwt\qwt_dial.h">
      <Filter>Header Files</Filter>
    </QtMoc>
    <QtMoc Include="ExternLib\qwt\qwt_dyngrid_layout.h">
      <Filter>Header Files</Filter>
    </QtMoc>
    <QtMoc Include="ExternLib\qwt\qwt_knob.h">
      <Filter>Header Files</Filter>
    </QtMoc>
    <QtMoc Include="ExternLib\qwt\qwt_legend.h">
      <Filter>Header Files</Filter>
    </QtMoc>
    <QtMoc Include="ExternLib\qwt\qwt_legend_label.h">
      <Filter>Header Files</Filter>
    </QtMoc>
    <QtMoc Include="ExternLib\qwt\qwt_magnifier.h">
      <Filter>Header Files</Filter>
    </QtMoc>
    <QtMoc Include="ExternLib\qwt\qwt_panner.h">
      <Filter>Header Files</Filter>
    </QtMoc>
    <QtMoc Include="ExternLib\qwt\qwt_picker.h">
      <Filter>Header Files</Filter>
    </QtMoc>
    <QtMoc Include="ExternLib\qwt\qwt_plot.h">
      <Filter>Header Files</Filter>
    </QtMoc>
    <QtMoc Include="ExternLib\qwt\qwt_plot_canvas.h">
      <Filter>Header Files</Filter>
    </QtMoc>
    <QtMoc Include="ExternLib\qwt\qwt_plot_glcanvas.h">
      <Filter>Header Files</Filter>
    </QtMoc>
    <QtMoc Include="ExternLib\qwt\qwt_plot_magnifier.h">
      <Filter>Header Files</Filter>
    </QtMoc>
    <QtMoc Include="ExternLib\qwt\qwt_plot_panner.h">
      <Filter>Header Files</Filter>
    </QtMoc>
    <QtMoc Include="ExternLib\qwt\qwt_plot_picker.h">
      <Filter>Header Files</Filter>
    </QtMoc>
    <QtMoc Include="ExternLib\qwt\qwt_plot_renderer.h">
      <Filter>Header Files</Filter>
    </QtMoc>
    <QtMoc Include="ExternLib\qwt\qwt_plot_zoomer.h">
      <Filter>Header Files</Filter>
    </QtMoc>
    <QtMoc Include="ExternLib\qwt\qwt_sampling_thread.h">
      <Filter>Header Files</Filter>
    </QtMoc>
    <QtMoc Include="ExternLib\qwt\qwt_scale_widget.h">
      <Filter>Header Files</Filter>
    </QtMoc>
    <QtMoc Include="ExternLib\qwt\qwt_slider.h">
      <Filter>Header Files</Filter>
    </QtMoc>
    <QtMoc Include="ExternLib\qwt\qwt_text_label.h">
      <Filter>Header Files</Filter>
    </QtMoc>
    <QtMoc Include="ExternLib\qwt\qwt_thermo.h">
      <Filter>Header Files</Filter>
    </QtMoc>
    <QtMoc Include="ExternLib\qwt\qwt_wheel.h">
      <Filter>Header Files</Filter>
    </QtMoc>
    <QtMoc Include="cameraMainWindow.h">
      <Filter>Header Files</Filter>
    </QtMoc>
    <QtMoc Include="CameraObserver.h">
      <Filter>Header Files</Filter>
    </QtMoc>
    <QtMoc Include="FeatureObserver.h">
      <Filter>Header Files</Filter>
    </QtMoc>
    <QtMoc Include="UI\Histogram\HistogramThread.h">
      <Filter>Header Files</Filter>
    </QtMoc>
    <QtMoc Include="UI\Histogram\HistogramWindow.h">
      <Filter>Header Files</Filter>
    </QtMoc>
    <QtMoc Include="UI\CameraTreeWindow.h">
      <Filter>Header Files</Filter>
    </QtMoc>
    <QtMoc Include="UI\LoggerWindow.h">
      <Filter>Header Files</Filter>
    </QtMoc>
    <QtMoc Include="ViewerWidget.h">
      <Filter>Header Files</Filter>
    </QtMoc>
    <QtMoc Include="UI\ControllerTreeWindow.h">
      <Filter>Header Files</Filter>
    </QtMoc>
    <QtMoc Include="UI\ExComboBox.h">
      <Filter>Header Files</Filter>
    </QtMoc>
    <QtMoc Include="UI\MultiCompleter.h">
      <Filter>Header Files</Filter>
    </QtMoc>
    <QtMoc Include="UI\IntSpinBox.h">
      <Filter>Header Files</Filter>
    </QtMoc>
    <QtMoc Include="UI\HexEditor\HexMainWindow.h">
      <Filter>Header Files</Filter>
    </QtMoc>
    <QtMoc Include="UI\HexEditor\HexOptionDialog.h">
      <Filter>Header Files</Filter>
    </QtMoc>
    <QtMoc Include="UI\HexEditor\QHexEdit.h">
      <Filter>Header Files</Filter>
    </QtMoc>
    <QtMoc Include="UI\HexEditor\QHexEdit_p.h">
      <Filter>Header Files</Filter>
    </QtMoc>
    <QtMoc Include="UI\MdiChild.h">
      <Filter>Header Files</Filter>
    </QtMoc>
    <QtMoc Include="UI\LineEditCompleter.h">
      <Filter>Header Files</Filter>
    </QtMoc>
    <QtMoc Include="ExternLib\qcustomplot\qcustomplot.h">
      <Filter>Header Files</Filter>
    </QtMoc>
    <QtMoc Include="UI\ImageCalculatingThread.h">
      <Filter>Header Files</Filter>
    </QtMoc>
    <QtMoc Include="FrameObserver.h">
      <Filter>Header Files</Filter>
    </QtMoc>
    <QtMoc Include="ImageProcessingThread.h">
      <Filter>Header Files</Filter>
    </QtMoc>
    <QtMoc Include="UI\MainInformationWindow.h">
      <Filter>Header Files</Filter>
    </QtMoc>
  </ItemGroup>
</Project>