<?xml version="1.0" encoding="utf-8"?>
<Project ToolsVersion="4.0" xmlns="http://schemas.microsoft.com/developer/msbuild/2003">
  <ItemGroup>
    <Filter Include="Source Files">
      <UniqueIdentifier>{4FC737F1-C7A5-4376-A066-2A32D752A2FF}</UniqueIdentifier>
      <Extensions>cpp;c;cc;cxx;def;odl;idl;hpj;bat;asm;asmx</Extensions>
    </Filter>
    <Filter Include="Header Files">
      <UniqueIdentifier>{93995380-89BD-4b04-88EB-625FBE52EBFB}</UniqueIdentifier>
      <Extensions>h;hh;hpp;hxx;hm;inl;inc;xsd</Extensions>
    </Filter>
    <Filter Include="Resource Files">
      <UniqueIdentifier>{67DA6AB6-F800-4c08-8B7A-83BB121AAD01}</UniqueIdentifier>
      <Extensions>rc;ico;cur;bmp;dlg;rc2;rct;bin;rgs;gif;jpg;jpeg;jpe;resx;tiff;tif;png;wav;mfcribbon-ms</Extensions>
    </Filter>
    <Filter Include="Form Files">
      <UniqueIdentifier>{99349809-55BA-4b9d-BF79-8FDBB0286EB3}</UniqueIdentifier>
      <Extensions>ui</Extensions>
    </Filter>
    <Filter Include="Resource Files">
      <UniqueIdentifier>{D9D6E242-F8AF-46E4-B9FD-80ECBC20BA3E}</UniqueIdentifier>
      <Extensions>qrc;*</Extensions>
      <ParseFiles>false</ParseFiles>
    </Filter>
  </ItemGroup>
  <ItemGroup>
    <ClCompile Include="ExternLib\qcustomplot\qcustomplot.cpp">
      <Filter>Source Files</Filter>
    </ClCompile>
    <ClCompile Include="Main.cpp">
      <Filter>Source Files</Filter>
    </ClCompile>
    <ClCompile Include="Source\cameraMainWindow.cpp">
      <Filter>Source Files</Filter>
    </ClCompile>
    <ClCompile Include="Source\CMOSSetting.cpp">
      <Filter>Source Files</Filter>
    </ClCompile>
    <ClCompile Include="Source\Accessory\csvReader.cpp">
      <Filter>Source Files</Filter>
    </ClCompile>
    <ClCompile Include="Source\Accessory\FrameAverager.cpp">
      <Filter>Source Files</Filter>
    </ClCompile>
    <ClCompile Include="Source\FrameObserver.cpp">
      <Filter>Source Files</Filter>
    </ClCompile>
    <ClCompile Include="Source\Accessory\GaussianFit.cpp">
      <Filter>Source Files</Filter>
    </ClCompile>
    <ClCompile Include="Source\Helper.cpp">
      <Filter>Source Files</Filter>
    </ClCompile>
    <ClCompile Include="Source\ImageCalculatingThread.cpp">
      <Filter>Source Files</Filter>
    </ClCompile>
    <ClCompile Include="Source\ImageProcessingThread.cpp">
      <Filter>Source Files</Filter>
    </ClCompile>
    <ClCompile Include="Source\MakoCamera.cpp">
      <Filter>Source Files</Filter>
    </ClCompile>
    <ClCompile Include="Source\MakoCameraCore.cpp">
      <Filter>Source Files</Filter>
    </ClCompile>
    <ClCompile Include="Source\MakoSettingControl.cpp">
      <Filter>Source Files</Filter>
    </ClCompile>
    <ClCompile Include="Source\MakoWrapper.cpp">
      <Filter>Source Files</Filter>
    </ClCompile>
    <ClCompile Include="Source\PictureViewer.cpp">
      <Filter>Source Files</Filter>
    </ClCompile>
    <ClCompile Include="Source\Accessory\IChimeraSystem.cpp">
      <Filter>Source Files</Filter>
    </ClCompile>
    <ClCompile Include="Source\Accessory\my_str.cpp">
      <Filter>Source Files</Filter>
    </ClCompile>
    <ClCompile Include="Source\LineEditCompleter.cpp">
      <Filter>Source Files</Filter>
    </ClCompile>
    <ClCompile Include="Source\RangeSlider.cpp">
      <Filter>Source Files</Filter>
    </ClCompile>
    <ClCompile Include="Source\TickSlider.cpp">
      <Filter>Source Files</Filter>
    </ClCompile>
    <ClCompile Include="Source\Accessory\miscCommonFunctions.cpp">
      <Filter>Source Files</Filter>
    </ClCompile>
    <ClCompile Include="Source\CameraTreeWindow.cpp">
      <Filter>Source Files</Filter>
    </ClCompile>
    <ClCompile Include="Source\LoggerWindow.cpp">
      <Filter>Source Files</Filter>
    </ClCompile>
    <ClCompile Include="Source\Accessory\DataLogger.cpp">
      <Filter>Source Files</Filter>
    </ClCompile>
  </ItemGroup>
  <ItemGroup>
    <QtMoc Include="ExternLib\qcustomplot\qcustomplot.h">
      <Filter>Header Files</Filter>
    </QtMoc>
    <QtMoc Include="Source\cameraMainWindow.h">
      <Filter>Header Files</Filter>
    </QtMoc>
    <QtMoc Include="Source\Accessory\FrameAverager.h">
      <Filter>Header Files</Filter>
    </QtMoc>
    <QtMoc Include="Source\FrameObserver.h">
      <Filter>Header Files</Filter>
    </QtMoc>
    <QtMoc Include="Source\ImageCalculatingThread.h">
      <Filter>Header Files</Filter>
    </QtMoc>
    <QtMoc Include="Source\MakoCamera.h">
      <Filter>Header Files</Filter>
    </QtMoc>
    <QtMoc Include="Source\MakoCameraCore.h">
      <Filter>Header Files</Filter>
    </QtMoc>
    <QtMoc Include="Source\MakoSettingControl.h">
      <Filter>Header Files</Filter>
    </QtMoc>
    <QtMoc Include="Source\MakoWrapper.h">
      <Filter>Header Files</Filter>
    </QtMoc>
    <QtMoc Include="Source\PictureViewer.h">
      <Filter>Header Files</Filter>
    </QtMoc>
    <QtMoc Include="Source\Accessory\IChimeraSystem.h">
      <Filter>Header Files</Filter>
    </QtMoc>
    <QtMoc Include="Source\LineEditCompleter.h">
      <Filter>Header Files</Filter>
    </QtMoc>
    <QtMoc Include="Source\RangeSlider.h">
      <Filter>Header Files</Filter>
    </QtMoc>
    <QtMoc Include="Source\TickSlider.h">
      <Filter>Header Files</Filter>
    </QtMoc>
    <QtMoc Include="Source\CameraTreeWindow.h">
      <Filter>Header Files</Filter>
    </QtMoc>
    <QtMoc Include="Source\LoggerWindow.h">
      <Filter>Header Files</Filter>
    </QtMoc>
  </ItemGroup>
  <ItemGroup>
    <ClInclude Include="Source\CMOSSetting.h">
      <Filter>Header Files</Filter>
    </ClInclude>
    <ClInclude Include="Source\Accessory\csvReader.h">
      <Filter>Header Files</Filter>
    </ClInclude>
    <ClInclude Include="Source\Accessory\GaussianFit.h">
      <Filter>Header Files</Filter>
    </ClInclude>
    <ClInclude Include="Source\Helper.h">
      <Filter>Header Files</Filter>
    </ClInclude>
    <ClInclude Include="Source\ImageProcessingThread.h">
      <Filter>Header Files</Filter>
    </ClInclude>
    <ClInclude Include="stdafx.h">
      <Filter>Header Files</Filter>
    </ClInclude>
    <ClInclude Include="Source\Accessory\Thrower.h">
      <Filter>Header Files</Filter>
    </ClInclude>
    <ClInclude Include="Source\Accessory\imageParameters.h">
      <Filter>Header Files</Filter>
    </ClInclude>
    <ClInclude Include="Source\Accessory\my_str.h">
      <Filter>Header Files</Filter>
    </ClInclude>
    <ClInclude Include="Source\Accessory\miscCommonFunctions.h">
      <Filter>Header Files</Filter>
    </ClInclude>
    <ClInclude Include="Source\Accessory\DataLogger.h">
      <Filter>Header Files</Filter>
    </ClInclude>
  </ItemGroup>
</Project>